
Microsoft Visual Studio Solution File, Format Version 12.00
# Visual Studio Version 17
VisualStudioVersion = 17.3.32929.385
MinimumVisualStudioVersion = 10.0.40219.1
Project("{FAE04EC0-301F-11D3-BF4B-00C04F79EFBC}") = "Nachweis Formularlayouttechnik", "Nachweis Formularlayouttechnik\Nachweis Formularlayouttechnik.csproj", "{9BDF2A23-E5FA-49B9-8E4D-E23613C2E48B}"
EndProject
Global
	GlobalSection(SolutionConfigurationPlatforms) = preSolution
		Debug|Any CPU = Debug|Any CPU
		Release|Any CPU = Release|Any CPU
	EndGlobalSection
	GlobalSection(ProjectConfigurationPlatforms) = postSolution
		{9BDF2A23-E5FA-49B9-8E4D-E23613C2E48B}.Debug|Any CPU.ActiveCfg = Debug|Any CPU
		{9BDF2A23-E5FA-49B9-8E4D-E23613C2E48B}.Debug|Any CPU.Build.0 = Debug|Any CPU
		{9BDF2A23-E5FA-49B9-8E4D-E23613C2E48B}.Release|Any CPU.ActiveCfg = Release|Any CPU
		{9BDF2A23-E5FA-49B9-8E4D-E23613C2E48B}.Release|Any CPU.Build.0 = Release|Any CPU
	EndGlobalSection
	GlobalSection(SolutionProperties) = preSolution
		HideSolutionNode = FALSE
	EndGlobalSection
	GlobalSection(ExtensibilityGlobals) = postSolution
		SolutionGuid = {DDA03117-05C8-404D-9E0E-172F7E441EE8}
	EndGlobalSection
EndGlobal
